
Microsoft Visual Studio Solution File, Format Version 12.00
# Visual Studio 14
VisualStudioVersion = 14.0.25420.1
MinimumVisualStudioVersion = 10.0.40219.1
Project("{FAE04EC0-301F-11D3-BF4B-00C04F79EFBC}") = "PrismDemo", "PrismDemo\PrismDemo\PrismDemo.csproj", "{7563ADBB-31CB-4597-A153-E7DDCA0AAF1C}"
EndProject
Project("{FAE04EC0-301F-11D3-BF4B-00C04F79EFBC}") = "PrismDemo.Droid", "PrismDemo\PrismDemo.Droid\PrismDemo.Droid.csproj", "{60CFA335-E159-4B9F-B8B4-3564EF41FEBD}"
EndProject
Project("{FAE04EC0-301F-11D3-BF4B-00C04F79EFBC}") = "PrismDemo.iOS", "PrismDemo\PrismDemo.iOS\PrismDemo.iOS.csproj", "{B444F88B-BC9E-4AF9-A444-213FDEB8E3DE}"
EndProject
Global
	GlobalSection(SolutionConfigurationPlatforms) = preSolution
		Ad-Hoc|Any CPU = Ad-Hoc|Any CPU
		Ad-Hoc|ARM = Ad-Hoc|ARM
		Ad-Hoc|iPhone = Ad-Hoc|iPhone
		Ad-Hoc|iPhoneSimulator = Ad-Hoc|iPhoneSimulator
		Ad-Hoc|x64 = Ad-Hoc|x64
		Ad-Hoc|x86 = Ad-Hoc|x86
		AppStore|Any CPU = AppStore|Any CPU
		AppStore|ARM = AppStore|ARM
		AppStore|iPhone = AppStore|iPhone
		AppStore|iPhoneSimulator = AppStore|iPhoneSimulator
		AppStore|x64 = AppStore|x64
		AppStore|x86 = AppStore|x86
		Debug|Any CPU = Debug|Any CPU
		Debug|ARM = Debug|ARM
		Debug|iPhone = Debug|iPhone
		Debug|iPhoneSimulator = Debug|iPhoneSimulator
		Debug|x64 = Debug|x64
		Debug|x86 = Debug|x86
		Release|Any CPU = Release|Any CPU
		Release|ARM = Release|ARM
		Release|iPhone = Release|iPhone
		Release|iPhoneSimulator = Release|iPhoneSimulator
		Release|x64 = Release|x64
		Release|x86 = Release|x86
	EndGlobalSection
	GlobalSection(ProjectConfigurationPlatforms) = postSolution
		{7563ADBB-31CB-4597-A153-E7DDCA0AAF1C}.Ad-Hoc|Any CPU.ActiveCfg = Release|Any CPU
		{7563ADBB-31CB-4597-A153-E7DDCA0AAF1C}.Ad-Hoc|Any CPU.Build.0 = Release|Any CPU
		{7563ADBB-31CB-4597-A153-E7DDCA0AAF1C}.Ad-Hoc|ARM.ActiveCfg = Release|Any CPU
		{7563ADBB-31CB-4597-A153-E7DDCA0AAF1C}.Ad-Hoc|ARM.Build.0 = Release|Any CPU
		{7563ADBB-31CB-4597-A153-E7DDCA0AAF1C}.Ad-Hoc|iPhone.ActiveCfg = Release|Any CPU
		{7563ADBB-31CB-4597-A153-E7DDCA0AAF1C}.Ad-Hoc|iPhone.Build.0 = Release|Any CPU
		{7563ADBB-31CB-4597-A153-E7DDCA0AAF1C}.Ad-Hoc|iPhoneSimulator.ActiveCfg = Release|Any CPU
		{7563ADBB-31CB-4597-A153-E7DDCA0AAF1C}.Ad-Hoc|iPhoneSimulator.Build.0 = Release|Any CPU
		{7563ADBB-31CB-4597-A153-E7DDCA0AAF1C}.Ad-Hoc|x64.ActiveCfg = Release|Any CPU
		{7563ADBB-31CB-4597-A153-E7DDCA0AAF1C}.Ad-Hoc|x64.Build.0 = Release|Any CPU
		{7563ADBB-31CB-4597-A153-E7DDCA0AAF1C}.Ad-Hoc|x86.ActiveCfg = Release|Any CPU
		{7563ADBB-31CB-4597-A153-E7DDCA0AAF1C}.Ad-Hoc|x86.Build.0 = Release|Any CPU
		{7563ADBB-31CB-4597-A153-E7DDCA0AAF1C}.AppStore|Any CPU.ActiveCfg = Release|Any CPU
		{7563ADBB-31CB-4597-A153-E7DDCA0AAF1C}.AppStore|Any CPU.Build.0 = Release|Any CPU
		{7563ADBB-31CB-4597-A153-E7DDCA0AAF1C}.AppStore|ARM.ActiveCfg = Release|Any CPU
		{7563ADBB-31CB-4597-A153-E7DDCA0AAF1C}.AppStore|ARM.Build.0 = Release|Any CPU
		{7563ADBB-31CB-4597-A153-E7DDCA0AAF1C}.AppStore|iPhone.ActiveCfg = Release|Any CPU
		{7563ADBB-31CB-4597-A153-E7DDCA0AAF1C}.AppStore|iPhone.Build.0 = Release|Any CPU
		{7563ADBB-31CB-4597-A153-E7DDCA0AAF1C}.AppStore|iPhoneSimulator.ActiveCfg = Release|Any CPU
		{7563ADBB-31CB-4597-A153-E7DDCA0AAF1C}.AppStore|iPhoneSimulator.Build.0 = Release|Any CPU
		{7563ADBB-31CB-4597-A153-E7DDCA0AAF1C}.AppStore|x64.ActiveCfg = Release|Any CPU
		{7563ADBB-31CB-4597-A153-E7DDCA0AAF1C}.AppStore|x64.Build.0 = Release|Any CPU
		{7563ADBB-31CB-4597-A153-E7DDCA0AAF1C}.AppStore|x86.ActiveCfg = Release|Any CPU
		{7563ADBB-31CB-4597-A153-E7DDCA0AAF1C}.AppStore|x86.Build.0 = Release|Any CPU
		{7563ADBB-31CB-4597-A153-E7DDCA0AAF1C}.Debug|Any CPU.ActiveCfg = Debug|Any CPU
		{7563ADBB-31CB-4597-A153-E7DDCA0AAF1C}.Debug|Any CPU.Build.0 = Debug|Any CPU
		{7563ADBB-31CB-4597-A153-E7DDCA0AAF1C}.Debug|ARM.ActiveCfg = Debug|Any CPU
		{7563ADBB-31CB-4597-A153-E7DDCA0AAF1C}.Debug|ARM.Build.0 = Debug|Any CPU
		{7563ADBB-31CB-4597-A153-E7DDCA0AAF1C}.Debug|iPhone.ActiveCfg = Debug|Any CPU
		{7563ADBB-31CB-4597-A153-E7DDCA0AAF1C}.Debug|iPhone.Build.0 = Debug|Any CPU
		{7563ADBB-31CB-4597-A153-E7DDCA0AAF1C}.Debug|iPhoneSimulator.ActiveCfg = Debug|Any CPU
		{7563ADBB-31CB-4597-A153-E7DDCA0AAF1C}.Debug|iPhoneSimulator.Build.0 = Debug|Any CPU
		{7563ADBB-31CB-4597-A153-E7DDCA0AAF1C}.Debug|x64.ActiveCfg = Debug|Any CPU
		{7563ADBB-31CB-4597-A153-E7DDCA0AAF1C}.Debug|x64.Build.0 = Debug|Any CPU
		{7563ADBB-31CB-4597-A153-E7DDCA0AAF1C}.Debug|x86.ActiveCfg = Debug|Any CPU
		{7563ADBB-31CB-4597-A153-E7DDCA0AAF1C}.Debug|x86.Build.0 = Debug|Any CPU
		{7563ADBB-31CB-4597-A153-E7DDCA0AAF1C}.Release|Any CPU.ActiveCfg = Release|Any CPU
		{7563ADBB-31CB-4597-A153-E7DDCA0AAF1C}.Release|Any CPU.Build.0 = Release|Any CPU
		{7563ADBB-31CB-4597-A153-E7DDCA0AAF1C}.Release|ARM.ActiveCfg = Release|Any CPU
		{7563ADBB-31CB-4597-A153-E7DDCA0AAF1C}.Release|ARM.Build.0 = Release|Any CPU
		{7563ADBB-31CB-4597-A153-E7DDCA0AAF1C}.Release|iPhone.ActiveCfg = Release|Any CPU
		{7563ADBB-31CB-4597-A153-E7DDCA0AAF1C}.Release|iPhone.Build.0 = Release|Any CPU
		{7563ADBB-31CB-4597-A153-E7DDCA0AAF1C}.Release|iPhoneSimulator.ActiveCfg = Release|Any CPU
		{7563ADBB-31CB-4597-A153-E7DDCA0AAF1C}.Release|iPhoneSimulator.Build.0 = Release|Any CPU
		{7563ADBB-31CB-4597-A153-E7DDCA0AAF1C}.Release|x64.ActiveCfg = Release|Any CPU
		{7563ADBB-31CB-4597-A153-E7DDCA0AAF1C}.Release|x64.Build.0 = Release|Any CPU
		{7563ADBB-31CB-4597-A153-E7DDCA0AAF1C}.Release|x86.ActiveCfg = Release|Any CPU
		{7563ADBB-31CB-4597-A153-E7DDCA0AAF1C}.Release|x86.Build.0 = Release|Any CPU
		{60CFA335-E159-4B9F-B8B4-3564EF41FEBD}.Ad-Hoc|Any CPU.ActiveCfg = Release|Any CPU
		{60CFA335-E159-4B9F-B8B4-3564EF41FEBD}.Ad-Hoc|Any CPU.Build.0 = Release|Any CPU
		{60CFA335-E159-4B9F-B8B4-3564EF41FEBD}.Ad-Hoc|Any CPU.Deploy.0 = Release|Any CPU
		{60CFA335-E159-4B9F-B8B4-3564EF41FEBD}.Ad-Hoc|ARM.ActiveCfg = Release|Any CPU
		{60CFA335-E159-4B9F-B8B4-3564EF41FEBD}.Ad-Hoc|ARM.Build.0 = Release|Any CPU
		{60CFA335-E159-4B9F-B8B4-3564EF41FEBD}.Ad-Hoc|ARM.Deploy.0 = Release|Any CPU
		{60CFA335-E159-4B9F-B8B4-3564EF41FEBD}.Ad-Hoc|iPhone.ActiveCfg = Release|Any CPU
		{60CFA335-E159-4B9F-B8B4-3564EF41FEBD}.Ad-Hoc|iPhone.Build.0 = Release|Any CPU
		{60CFA335-E159-4B9F-B8B4-3564EF41FEBD}.Ad-Hoc|iPhone.Deploy.0 = Release|Any CPU
		{60CFA335-E159-4B9F-B8B4-3564EF41FEBD}.Ad-Hoc|iPhoneSimulator.ActiveCfg = Release|Any CPU
		{60CFA335-E159-4B9F-B8B4-3564EF41FEBD}.Ad-Hoc|iPhoneSimulator.Build.0 = Release|Any CPU
		{60CFA335-E159-4B9F-B8B4-3564EF41FEBD}.Ad-Hoc|iPhoneSimulator.Deploy.0 = Release|Any CPU
		{60CFA335-E159-4B9F-B8B4-3564EF41FEBD}.Ad-Hoc|x64.ActiveCfg = Release|Any CPU
		{60CFA335-E159-4B9F-B8B4-3564EF41FEBD}.Ad-Hoc|x64.Build.0 = Release|Any CPU
		{60CFA335-E159-4B9F-B8B4-3564EF41FEBD}.Ad-Hoc|x64.Deploy.0 = Release|Any CPU
		{60CFA335-E159-4B9F-B8B4-3564EF41FEBD}.Ad-Hoc|x86.ActiveCfg = Release|Any CPU
		{60CFA335-E159-4B9F-B8B4-3564EF41FEBD}.Ad-Hoc|x86.Build.0 = Release|Any CPU
		{60CFA335-E159-4B9F-B8B4-3564EF41FEBD}.Ad-Hoc|x86.Deploy.0 = Release|Any CPU
		{60CFA335-E159-4B9F-B8B4-3564EF41FEBD}.AppStore|Any CPU.ActiveCfg = Release|Any CPU
		{60CFA335-E159-4B9F-B8B4-3564EF41FEBD}.AppStore|Any CPU.Build.0 = Release|Any CPU
		{60CFA335-E159-4B9F-B8B4-3564EF41FEBD}.AppStore|Any CPU.Deploy.0 = Release|Any CPU
		{60CFA335-E159-4B9F-B8B4-3564EF41FEBD}.AppStore|ARM.ActiveCfg = Release|Any CPU
		{60CFA335-E159-4B9F-B8B4-3564EF41FEBD}.AppStore|ARM.Build.0 = Release|Any CPU
		{60CFA335-E159-4B9F-B8B4-3564EF41FEBD}.AppStore|ARM.Deploy.0 = Release|Any CPU
		{60CFA335-E159-4B9F-B8B4-3564EF41FEBD}.AppStore|iPhone.ActiveCfg = Release|Any CPU
		{60CFA335-E159-4B9F-B8B4-3564EF41FEBD}.AppStore|iPhone.Build.0 = Release|Any CPU
		{60CFA335-E159-4B9F-B8B4-3564EF41FEBD}.AppStore|iPhone.Deploy.0 = Release|Any CPU
		{60CFA335-E159-4B9F-B8B4-3564EF41FEBD}.AppStore|iPhoneSimulator.ActiveCfg = Release|Any CPU
		{60CFA335-E159-4B9F-B8B4-3564EF41FEBD}.AppStore|iPhoneSimulator.Build.0 = Release|Any CPU
		{60CFA335-E159-4B9F-B8B4-3564EF41FEBD}.AppStore|iPhoneSimulator.Deploy.0 = Release|Any CPU
		{60CFA335-E159-4B9F-B8B4-3564EF41FEBD}.AppStore|x64.ActiveCfg = Release|Any CPU
		{60CFA335-E159-4B9F-B8B4-3564EF41FEBD}.AppStore|x64.Build.0 = Release|Any CPU
		{60CFA335-E159-4B9F-B8B4-3564EF41FEBD}.AppStore|x64.Deploy.0 = Release|Any CPU
		{60CFA335-E159-4B9F-B8B4-3564EF41FEBD}.AppStore|x86.ActiveCfg = Release|Any CPU
		{60CFA335-E159-4B9F-B8B4-3564EF41FEBD}.AppStore|x86.Build.0 = Release|Any CPU
		{60CFA335-E159-4B9F-B8B4-3564EF41FEBD}.AppStore|x86.Deploy.0 = Release|Any CPU
		{60CFA335-E159-4B9F-B8B4-3564EF41FEBD}.Debug|Any CPU.ActiveCfg = Debug|Any CPU
		{60CFA335-E159-4B9F-B8B4-3564EF41FEBD}.Debug|Any CPU.Build.0 = Debug|Any CPU
		{60CFA335-E159-4B9F-B8B4-3564EF41FEBD}.Debug|Any CPU.Deploy.0 = Debug|Any CPU
		{60CFA335-E159-4B9F-B8B4-3564EF41FEBD}.Debug|ARM.ActiveCfg = Debug|Any CPU
		{60CFA335-E159-4B9F-B8B4-3564EF41FEBD}.Debug|ARM.Build.0 = Debug|Any CPU
		{60CFA335-E159-4B9F-B8B4-3564EF41FEBD}.Debug|ARM.Deploy.0 = Debug|Any CPU
		{60CFA335-E159-4B9F-B8B4-3564EF41FEBD}.Debug|iPhone.ActiveCfg = Debug|Any CPU
		{60CFA335-E159-4B9F-B8B4-3564EF41FEBD}.Debug|iPhone.Build.0 = Debug|Any CPU
		{60CFA335-E159-4B9F-B8B4-3564EF41FEBD}.Debug|iPhone.Deploy.0 = Debug|Any CPU
		{60CFA335-E159-4B9F-B8B4-3564EF41FEBD}.Debug|iPhoneSimulator.ActiveCfg = Debug|Any CPU
		{60CFA335-E159-4B9F-B8B4-3564EF41FEBD}.Debug|iPhoneSimulator.Build.0 = Debug|Any CPU
		{60CFA335-E159-4B9F-B8B4-3564EF41FEBD}.Debug|iPhoneSimulator.Deploy.0 = Debug|Any CPU
		{60CFA335-E159-4B9F-B8B4-3564EF41FEBD}.Debug|x64.ActiveCfg = Debug|Any CPU
		{60CFA335-E159-4B9F-B8B4-3564EF41FEBD}.Debug|x64.Build.0 = Debug|Any CPU
		{60CFA335-E159-4B9F-B8B4-3564EF41FEBD}.Debug|x64.Deploy.0 = Debug|Any CPU
		{60CFA335-E159-4B9F-B8B4-3564EF41FEBD}.Debug|x86.ActiveCfg = Debug|Any CPU
		{60CFA335-E159-4B9F-B8B4-3564EF41FEBD}.Debug|x86.Build.0 = Debug|Any CPU
		{60CFA335-E159-4B9F-B8B4-3564EF41FEBD}.Debug|x86.Deploy.0 = Debug|Any CPU
		{60CFA335-E159-4B9F-B8B4-3564EF41FEBD}.Release|Any CPU.ActiveCfg = Release|Any CPU
		{60CFA335-E159-4B9F-B8B4-3564EF41FEBD}.Release|Any CPU.Build.0 = Release|Any CPU
		{60CFA335-E159-4B9F-B8B4-3564EF41FEBD}.Release|Any CPU.Deploy.0 = Release|Any CPU
		{60CFA335-E159-4B9F-B8B4-3564EF41FEBD}.Release|ARM.ActiveCfg = Release|Any CPU
		{60CFA335-E159-4B9F-B8B4-3564EF41FEBD}.Release|ARM.Build.0 = Release|Any CPU
		{60CFA335-E159-4B9F-B8B4-3564EF41FEBD}.Release|ARM.Deploy.0 = Release|Any CPU
		{60CFA335-E159-4B9F-B8B4-3564EF41FEBD}.Release|iPhone.ActiveCfg = Release|Any CPU
		{60CFA335-E159-4B9F-B8B4-3564EF41FEBD}.Release|iPhone.Build.0 = Release|Any CPU
		{60CFA335-E159-4B9F-B8B4-3564EF41FEBD}.Release|iPhone.Deploy.0 = Release|Any CPU
		{60CFA335-E159-4B9F-B8B4-3564EF41FEBD}.Release|iPhoneSimulator.ActiveCfg = Release|Any CPU
		{60CFA335-E159-4B9F-B8B4-3564EF41FEBD}.Release|iPhoneSimulator.Build.0 = Release|Any CPU
		{60CFA335-E159-4B9F-B8B4-3564EF41FEBD}.Release|iPhoneSimulator.Deploy.0 = Release|Any CPU
		{60CFA335-E159-4B9F-B8B4-3564EF41FEBD}.Release|x64.ActiveCfg = Release|Any CPU
		{60CFA335-E159-4B9F-B8B4-3564EF41FEBD}.Release|x64.Build.0 = Release|Any CPU
		{60CFA335-E159-4B9F-B8B4-3564EF41FEBD}.Release|x64.Deploy.0 = Release|Any CPU
		{60CFA335-E159-4B9F-B8B4-3564EF41FEBD}.Release|x86.ActiveCfg = Release|Any CPU
		{60CFA335-E159-4B9F-B8B4-3564EF41FEBD}.Release|x86.Build.0 = Release|Any CPU
		{60CFA335-E159-4B9F-B8B4-3564EF41FEBD}.Release|x86.Deploy.0 = Release|Any CPU
		{B444F88B-BC9E-4AF9-A444-213FDEB8E3DE}.Ad-Hoc|Any CPU.ActiveCfg = Ad-Hoc|iPhone
		{B444F88B-BC9E-4AF9-A444-213FDEB8E3DE}.Ad-Hoc|ARM.ActiveCfg = Ad-Hoc|iPhone
		{B444F88B-BC9E-4AF9-A444-213FDEB8E3DE}.Ad-Hoc|iPhone.ActiveCfg = Ad-Hoc|iPhone
		{B444F88B-BC9E-4AF9-A444-213FDEB8E3DE}.Ad-Hoc|iPhone.Build.0 = Ad-Hoc|iPhone
		{B444F88B-BC9E-4AF9-A444-213FDEB8E3DE}.Ad-Hoc|iPhoneSimulator.ActiveCfg = Ad-Hoc|iPhoneSimulator
		{B444F88B-BC9E-4AF9-A444-213FDEB8E3DE}.Ad-Hoc|iPhoneSimulator.Build.0 = Ad-Hoc|iPhoneSimulator
		{B444F88B-BC9E-4AF9-A444-213FDEB8E3DE}.Ad-Hoc|x64.ActiveCfg = Ad-Hoc|iPhone
		{B444F88B-BC9E-4AF9-A444-213FDEB8E3DE}.Ad-Hoc|x86.ActiveCfg = Ad-Hoc|iPhone
		{B444F88B-BC9E-4AF9-A444-213FDEB8E3DE}.AppStore|Any CPU.ActiveCfg = AppStore|iPhone
		{B444F88B-BC9E-4AF9-A444-213FDEB8E3DE}.AppStore|ARM.ActiveCfg = AppStore|iPhone
		{B444F88B-BC9E-4AF9-A444-213FDEB8E3DE}.AppStore|iPhone.ActiveCfg = AppStore|iPhone
		{B444F88B-BC9E-4AF9-A444-213FDEB8E3DE}.AppStore|iPhone.Build.0 = AppStore|iPhone
		{B444F88B-BC9E-4AF9-A444-213FDEB8E3DE}.AppStore|iPhoneSimulator.ActiveCfg = AppStore|iPhoneSimulator
		{B444F88B-BC9E-4AF9-A444-213FDEB8E3DE}.AppStore|iPhoneSimulator.Build.0 = AppStore|iPhoneSimulator
		{B444F88B-BC9E-4AF9-A444-213FDEB8E3DE}.AppStore|x64.ActiveCfg = AppStore|iPhone
		{B444F88B-BC9E-4AF9-A444-213FDEB8E3DE}.AppStore|x86.ActiveCfg = AppStore|iPhone
		{B444F88B-BC9E-4AF9-A444-213FDEB8E3DE}.Debug|Any CPU.ActiveCfg = Debug|iPhone
		{B444F88B-BC9E-4AF9-A444-213FDEB8E3DE}.Debug|ARM.ActiveCfg = Debug|iPhone
		{B444F88B-BC9E-4AF9-A444-213FDEB8E3DE}.Debug|iPhone.ActiveCfg = Debug|iPhone
		{B444F88B-BC9E-4AF9-A444-213FDEB8E3DE}.Debug|iPhone.Build.0 = Debug|iPhone
		{B444F88B-BC9E-4AF9-A444-213FDEB8E3DE}.Debug|iPhoneSimulator.ActiveCfg = Debug|iPhoneSimulator
		{B444F88B-BC9E-4AF9-A444-213FDEB8E3DE}.Debug|iPhoneSimulator.Build.0 = Debug|iPhoneSimulator
		{B444F88B-BC9E-4AF9-A444-213FDEB8E3DE}.Debug|x64.ActiveCfg = Debug|iPhone
		{B444F88B-BC9E-4AF9-A444-213FDEB8E3DE}.Debug|x86.ActiveCfg = Debug|iPhone
		{B444F88B-BC9E-4AF9-A444-213FDEB8E3DE}.Release|Any CPU.ActiveCfg = Release|iPhone
		{B444F88B-BC9E-4AF9-A444-213FDEB8E3DE}.Release|ARM.ActiveCfg = Release|iPhone
		{B444F88B-BC9E-4AF9-A444-213FDEB8E3DE}.Release|iPhone.ActiveCfg = Release|iPhone
		{B444F88B-BC9E-4AF9-A444-213FDEB8E3DE}.Release|iPhone.Build.0 = Release|iPhone
		{B444F88B-BC9E-4AF9-A444-213FDEB8E3DE}.Release|iPhoneSimulator.ActiveCfg = Release|iPhoneSimulator
		{B444F88B-BC9E-4AF9-A444-213FDEB8E3DE}.Release|iPhoneSimulator.Build.0 = Release|iPhoneSimulator
		{B444F88B-BC9E-4AF9-A444-213FDEB8E3DE}.Release|x64.ActiveCfg = Release|iPhone
		{B444F88B-BC9E-4AF9-A444-213FDEB8E3DE}.Release|x86.ActiveCfg = Release|iPhone
	EndGlobalSection
	GlobalSection(SolutionProperties) = preSolution
		HideSolutionNode = FALSE
	EndGlobalSection
EndGlobal
